
Microsoft Visual Studio Solution File, Format Version 12.00
# Visual Studio 15
VisualStudioVersion = 15.0.27004.2002
MinimumVisualStudioVersion = 10.0.40219.1
Project("{8BC9CEB8-8B4A-11D0-8D11-00A0C91BC942}") = "glove", "glove\glove.vcxproj", "{B152E165-2C96-4297-B2AE-0D96B76CA68D}"
EndProject
Global
	GlobalSection(SolutionConfigurationPlatforms) = preSolution
		Debug|x64 = Debug|x64
		Debug|x86 = Debug|x86
		Release|x64 = Release|x64
		Release|x86 = Release|x86
	EndGlobalSection
	GlobalSection(ProjectConfigurationPlatforms) = postSolution
		{B152E165-2C96-4297-B2AE-0D96B76CA68D}.Debug|x64.ActiveCfg = Debug|x64
		{B152E165-2C96-4297-B2AE-0D96B76CA68D}.Debug|x64.Build.0 = Debug|x64
		{B152E165-2C96-4297-B2AE-0D96B76CA68D}.Debug|x86.ActiveCfg = Debug|Win32
		{B152E165-2C96-4297-B2AE-0D96B76CA68D}.Debug|x86.Build.0 = Debug|Win32
		{B152E165-2C96-4297-B2AE-0D96B76CA68D}.Release|x64.ActiveCfg = Release|x64
		{B152E165-2C96-4297-B2AE-0D96B76CA68D}.Release|x64.Build.0 = Release|x64
		{B152E165-2C96-4297-B2AE-0D96B76CA68D}.Release|x86.ActiveCfg = Release|Win32
		{B152E165-2C96-4297-B2AE-0D96B76CA68D}.Release|x86.Build.0 = Release|Win32
	EndGlobalSection
	GlobalSection(SolutionProperties) = preSolution
		HideSolutionNode = FALSE
	EndGlobalSection
	GlobalSection(ExtensibilityGlobals) = postSolution
		SolutionGuid = {4067A144-239E-4F6C-BF2E-AC2EED2215CA}
	EndGlobalSection
EndGlobal
